<?xml version="1.0" encoding="UTF-8" standalone="yes" ?>
<CodeBlocks_project_file>
	<FileVersion major="1" minor="6" />
	<Project>
		<Option title="Final testre" />
		<Option pch_mode="2" />
		<Option compiler="gcc" />
		<Build>
			<Target title="Debug">
				<Option output="bin/Debug/Final testre" prefix_auto="1" extension_auto="1" />
				<Option object_output="obj/Debug/" />
				<Option type="1" />
				<Option compiler="gcc" />
				<Compiler>
					<Add option="-g" />
				</Compiler>
			</Target>
			<Target title="Release">
				<Option output="bin/Release/Final testre" prefix_auto="1" extension_auto="1" />
				<Option object_output="obj/Release/" />
				<Option type="1" />
				<Option compiler="gcc" />
				<Compiler>
					<Add option="-O2" />
				</Compiler>
				<Linker>
					<Add option="-s" />
				</Linker>
			</Target>
		</Build>
		<Compiler>
			<Add option="-Wall" />
		</Compiler>
		<Unit filename="main.c">
			<Option compilerVar="CC" />
		</Unit>
		<Unit filename="xArrayList.c">
			<Option compilerVar="CC" />
		</Unit>
		<Unit filename="xArrayList.h" />
		<Unit filename="xArrayWork.c">
			<Option compilerVar="CC" />
		</Unit>
		<Unit filename="xArrayWork.h" />
		<Unit filename="xParser.c">
			<Option compilerVar="CC" />
		</Unit>
		<Unit filename="xParser.h" />
		<Unit filename="xget.c">
			<Option compilerVar="CC" />
		</Unit>
		<Unit filename="xget.h" />
		<Unit filename="xlook.c">
			<Option compilerVar="CC" />
		</Unit>
		<Unit filename="xlook.h" />
		<Unit filename="xstring.c">
			<Option compilerVar="CC" />
		</Unit>
		<Unit filename="xstring.h" />
		<Unit filename="xvalidate.c">
			<Option compilerVar="CC" />
		</Unit>
		<Unit filename="xvalidate.h" />
		<Extensions>
			<code_completion />
			<envvars />
			<debugger />
			<lib_finder disable_auto="1" />
		</Extensions>
	</Project>
</CodeBlocks_project_file>
